
Microsoft Visual Studio Solution File, Format Version 12.00
# Visual Studio 14
VisualStudioVersion = 14.0.25420.1
MinimumVisualStudioVersion = 10.0.40219.1
Project("{FAE04EC0-301F-11D3-BF4B-00C04F79EFBC}") = "CreditCardInterestCalculator", "CreditCardInterestCalculator\CreditCardInterestCalculator.csproj", "{6673ED2B-67DC-4847-9242-9F3B37E39B16}"
EndProject
Project("{FAE04EC0-301F-11D3-BF4B-00C04F79EFBC}") = "CalcTest", "CalcTest\CalcTest.csproj", "{8362EB38-CC25-40EF-925A-294F86B438F3}"
EndProject
Global
	GlobalSection(SolutionConfigurationPlatforms) = preSolution
		Debug|Any CPU = Debug|Any CPU
		Release|Any CPU = Release|Any CPU
	EndGlobalSection
	GlobalSection(ProjectConfigurationPlatforms) = postSolution
		{6673ED2B-67DC-4847-9242-9F3B37E39B16}.Debug|Any CPU.ActiveCfg = Debug|Any CPU
		{6673ED2B-67DC-4847-9242-9F3B37E39B16}.Debug|Any CPU.Build.0 = Debug|Any CPU
		{6673ED2B-67DC-4847-9242-9F3B37E39B16}.Release|Any CPU.ActiveCfg = Release|Any CPU
		{6673ED2B-67DC-4847-9242-9F3B37E39B16}.Release|Any CPU.Build.0 = Release|Any CPU
		{8362EB38-CC25-40EF-925A-294F86B438F3}.Debug|Any CPU.ActiveCfg = Debug|Any CPU
		{8362EB38-CC25-40EF-925A-294F86B438F3}.Debug|Any CPU.Build.0 = Debug|Any CPU
		{8362EB38-CC25-40EF-925A-294F86B438F3}.Release|Any CPU.ActiveCfg = Release|Any CPU
		{8362EB38-CC25-40EF-925A-294F86B438F3}.Release|Any CPU.Build.0 = Release|Any CPU
	EndGlobalSection
	GlobalSection(SolutionProperties) = preSolution
		HideSolutionNode = FALSE
	EndGlobalSection
EndGlobal
